{
  "name": "react-native-flip-card",
  "version": "3.5.6",
  "lockfileVersion": 2,
  "requires": true,
  "packages": {
    "": {
      "name": "react-native-flip-card",
      "version": "3.5.6",
      "license": "MIT",
      "dependencies": {
        "deprecated-react-native-prop-types": "^4.0.0",
        "prop-types": "^15.8.1"
      }
    },
    "node_modules/@react-native/normalize-colors": {
      "version": "0.72.0",
      "resolved": "https://registry.npmjs.org/@react-native/normalize-colors/-/normalize-colors-0.72.0.tgz",
      "integrity": "sha512-285lfdqSXaqKuBbbtP9qL2tDrfxdOFtIMvkKadtleRQkdOxx+uzGvFr82KHmc/sSiMtfXGp7JnFYWVh4sFl7Yw==",
      "license": "MIT"
    },
    "node_modules/deprecated-react-native-prop-types": {
      "version": "4.0.0",
      "resolved": "https://registry.npmjs.org/deprecated-react-native-prop-types/-/deprecated-react-native-prop-types-4.0.0.tgz",
      "integrity": "sha512-q0kk77qFPC4adlnZH7cv9lfbHALeaTkl7wT1uNERc+e0Os3KcBKKy1rVliTE8sfey6TP6OPzoIXpr9OPidvvHw==",
      "license": "MIT",
      "dependencies": {
        "@react-native/normalize-colors": "*",
        "invariant": "*",
        "prop-types": "*"
      }
    },
    "node_modules/invariant": {
      "version": "2.2.4",
      "resolved": "https://registry.npmjs.org/invariant/-/invariant-2.2.4.tgz",
      "integrity": "sha512-phJfQVBuaJM5raOpJjSfkiD6BpbCE4Ns//LaXl6wGYtUBY83nWS6Rf9tXm2e8VaK60JEjYldbPif/A2B1C2gNA==",
      "license": "MIT",
      "dependencies": {
        "loose-envify": "^1.0.0"
      }
    },
    "node_modules/invariant/node_modules/js-tokens": {
      "version": "3.0.2",
      "resolved": "https://registry.npmjs.org/js-tokens/-/js-tokens-3.0.2.tgz",
      "license": "MIT"
    },
    "node_modules/invariant/node_modules/loose-envify": {
      "version": "1.3.1",
      "resolved": "https://registry.npmjs.org/loose-envify/-/loose-envify-1.3.1.tgz",
      "license": "MIT",
      "dependencies": {
        "js-tokens": "^3.0.0"
      },
      "bin": {
        "loose-envify": "cli.js"
      }
    },
    "node_modules/js-tokens": {
      "version": "4.0.0",
      "resolved": "https://registry.npmjs.org/js-tokens/-/js-tokens-4.0.0.tgz",
      "integrity": "sha512-RdJUflcE3cUzKiMqQgsCu06FPu9UdIJO0beYbPhHN4k6apgJtifcoCtT9bcxOpYBtpD2kCM6Sbzg4CausW/PKQ==",
      "license": "MIT"
    },
    "node_modules/loose-envify": {
      "version": "1.4.0",
      "resolved": "https://registry.npmjs.org/loose-envify/-/loose-envify-1.4.0.tgz",
      "integrity": "sha512-lyuxPGr/Wfhrlem2CL/UcnUc1zcqKAImBDzukY7Y5F/yQiNdko6+fRLevlw1HgMySw7f611UIY408EtxRSoK3Q==",
      "license": "MIT",
      "dependencies": {
        "js-tokens": "^3.0.0 || ^4.0.0"
      },
      "bin": {
        "loose-envify": "cli.js"
      }
    },
    "node_modules/object-assign": {
      "version": "4.1.1",
      "resolved": "https://registry.npmjs.org/object-assign/-/object-assign-4.1.1.tgz",
      "license": "MIT",
      "engines": {
        "node": ">=0.10.0"
      }
    },
    "node_modules/prop-types": {
      "version": "15.8.1",
      "resolved": "https://registry.npmjs.org/prop-types/-/prop-types-15.8.1.tgz",
      "integrity": "sha512-oj87CgZICdulUohogVAR7AjlC0327U4el4L6eAvOqCeudMDVU0NThNaV+b9Df4dXgSP1gXMTnPdhfe/2qDH5cg==",
      "license": "MIT",
      "dependencies": {
        "loose-envify": "^1.4.0",
        "object-assign": "^4.1.1",
        "react-is": "^16.13.1"
      }
    },
    "node_modules/react-is": {
      "version": "16.13.1",
      "resolved": "https://registry.npmjs.org/react-is/-/react-is-16.13.1.tgz",
      "integrity": "sha512-24e6ynE2H+OKt4kqsOvNd8kBpV65zoxbA4BVsEOB3ARVWQki/DHzaUoC5KuON/BiccDaCCTZBuOcfZs70kR8bQ==",
      "license": "MIT"
    }
  },
  "dependencies": {
    "@react-native/normalize-colors": {
      "version": "0.72.0",
      "resolved": "https://registry.npmjs.org/@react-native/normalize-colors/-/normalize-colors-0.72.0.tgz",
      "integrity": "sha512-285lfdqSXaqKuBbbtP9qL2tDrfxdOFtIMvkKadtleRQkdOxx+uzGvFr82KHmc/sSiMtfXGp7JnFYWVh4sFl7Yw=="
    },
    "deprecated-react-native-prop-types": {
      "version": "4.0.0",
      "resolved": "https://registry.npmjs.org/deprecated-react-native-prop-types/-/deprecated-react-native-prop-types-4.0.0.tgz",
      "integrity": "sha512-q0kk77qFPC4adlnZH7cv9lfbHALeaTkl7wT1uNERc+e0Os3KcBKKy1rVliTE8sfey6TP6OPzoIXpr9OPidvvHw==",
      "requires": {
        "@react-native/normalize-colors": "*",
        "invariant": "*",
        "prop-types": "*"
      }
    },
    "invariant": {
      "version": "2.2.4",
      "resolved": "https://registry.npmjs.org/invariant/-/invariant-2.2.4.tgz",
      "integrity": "sha512-phJfQVBuaJM5raOpJjSfkiD6BpbCE4Ns//LaXl6wGYtUBY83nWS6Rf9tXm2e8VaK60JEjYldbPif/A2B1C2gNA==",
      "requires": {
        "loose-envify": "^1.0.0"
      },
      "dependencies": {
        "js-tokens": {
          "version": "3.0.2",
          "resolved": "https://registry.npmjs.org/js-tokens/-/js-tokens-3.0.2.tgz"
        },
        "loose-envify": {
          "version": "1.3.1",
          "resolved": "https://registry.npmjs.org/loose-envify/-/loose-envify-1.3.1.tgz",
          "requires": {
            "js-tokens": "^3.0.0"
          }
        }
      }
    },
    "js-tokens": {
      "version": "4.0.0",
      "resolved": "https://registry.npmjs.org/js-tokens/-/js-tokens-4.0.0.tgz",
      "integrity": "sha512-RdJUflcE3cUzKiMqQgsCu06FPu9UdIJO0beYbPhHN4k6apgJtifcoCtT9bcxOpYBtpD2kCM6Sbzg4CausW/PKQ=="
    },
    "loose-envify": {
      "version": "1.4.0",
      "resolved": "https://registry.npmjs.org/loose-envify/-/loose-envify-1.4.0.tgz",
      "integrity": "sha512-lyuxPGr/Wfhrlem2CL/UcnUc1zcqKAImBDzukY7Y5F/yQiNdko6+fRLevlw1HgMySw7f611UIY408EtxRSoK3Q==",
      "requires": {
        "js-tokens": "^3.0.0 || ^4.0.0"
      }
    },
    "object-assign": {
      "version": "4.1.1",
      "resolved": "https://registry.npmjs.org/object-assign/-/object-assign-4.1.1.tgz"
    },
    "prop-types": {
      "version": "15.8.1",
      "resolved": "https://registry.npmjs.org/prop-types/-/prop-types-15.8.1.tgz",
      "integrity": "sha512-oj87CgZICdulUohogVAR7AjlC0327U4el4L6eAvOqCeudMDVU0NThNaV+b9Df4dXgSP1gXMTnPdhfe/2qDH5cg==",
      "requires": {
        "loose-envify": "^1.4.0",
        "object-assign": "^4.1.1",
        "react-is": "^16.13.1"
      }
    },
    "react-is": {
      "version": "16.13.1",
      "resolved": "https://registry.npmjs.org/react-is/-/react-is-16.13.1.tgz",
      "integrity": "sha512-24e6ynE2H+OKt4kqsOvNd8kBpV65zoxbA4BVsEOB3ARVWQki/DHzaUoC5KuON/BiccDaCCTZBuOcfZs70kR8bQ=="
    }
  }
}
